
Microsoft Visual Studio Solution File, Format Version 12.00
# Visual Studio Version 17
VisualStudioVersion = 17.11.35327.3
MinimumVisualStudioVersion = 10.0.40219.1
Project("{FAE04EC0-301F-11D3-BF4B-00C04F79EFBC}") = "Pratik-Inheritance", "Pratik-Inheritance.csproj", "{FFBF234A-3382-4619-B0AF-9563B2A59761}"
EndProject
Global
	GlobalSection(SolutionConfigurationPlatforms) = preSolution
		Debug|Any CPU = Debug|Any CPU
		Release|Any CPU = Release|Any CPU
	EndGlobalSection
	GlobalSection(ProjectConfigurationPlatforms) = postSolution
		{FFBF234A-3382-4619-B0AF-9563B2A59761}.Debug|Any CPU.ActiveCfg = Debug|Any CPU
		{FFBF234A-3382-4619-B0AF-9563B2A59761}.Debug|Any CPU.Build.0 = Debug|Any CPU
		{FFBF234A-3382-4619-B0AF-9563B2A59761}.Release|Any CPU.ActiveCfg = Release|Any CPU
		{FFBF234A-3382-4619-B0AF-9563B2A59761}.Release|Any CPU.Build.0 = Release|Any CPU
	EndGlobalSection
	GlobalSection(SolutionProperties) = preSolution
		HideSolutionNode = FALSE
	EndGlobalSection
	GlobalSection(ExtensibilityGlobals) = postSolution
		SolutionGuid = {64F76F1F-77CE-4B71-A8FC-79719D3397B2}
	EndGlobalSection
EndGlobal
