
Microsoft Visual Studio Solution File, Format Version 12.00
# Visual Studio Version 17
VisualStudioVersion = 17.11.35312.102
MinimumVisualStudioVersion = 10.0.40219.1
Project("{FAE04EC0-301F-11D3-BF4B-00C04F79EFBC}") = "Hafta-2-Kapanis", "Hafta-2-Kapanis.csproj", "{C3CCD43C-FE12-48A9-8804-03A440CD7B85}"
EndProject
Global
	GlobalSection(SolutionConfigurationPlatforms) = preSolution
		Debug|Any CPU = Debug|Any CPU
		Release|Any CPU = Release|Any CPU
	EndGlobalSection
	GlobalSection(ProjectConfigurationPlatforms) = postSolution
		{C3CCD43C-FE12-48A9-8804-03A440CD7B85}.Debug|Any CPU.ActiveCfg = Debug|Any CPU
		{C3CCD43C-FE12-48A9-8804-03A440CD7B85}.Debug|Any CPU.Build.0 = Debug|Any CPU
		{C3CCD43C-FE12-48A9-8804-03A440CD7B85}.Release|Any CPU.ActiveCfg = Release|Any CPU
		{C3CCD43C-FE12-48A9-8804-03A440CD7B85}.Release|Any CPU.Build.0 = Release|Any CPU
	EndGlobalSection
	GlobalSection(SolutionProperties) = preSolution
		HideSolutionNode = FALSE
	EndGlobalSection
	GlobalSection(ExtensibilityGlobals) = postSolution
		SolutionGuid = {8177CCA5-0B6B-4F26-8336-4840A5772B6F}
	EndGlobalSection
EndGlobal
