
Microsoft Visual Studio Solution File, Format Version 12.00
# Visual Studio Version 17
VisualStudioVersion = 17.11.35327.3
MinimumVisualStudioVersion = 10.0.40219.1
Project("{FAE04EC0-301F-11D3-BF4B-00C04F79EFBC}") = "Pratik-Linq", "Pratik-Linq.csproj", "{A807F8DE-AA82-4222-9639-F1ACAF365B6B}"
EndProject
Global
	GlobalSection(SolutionConfigurationPlatforms) = preSolution
		Debug|Any CPU = Debug|Any CPU
		Release|Any CPU = Release|Any CPU
	EndGlobalSection
	GlobalSection(ProjectConfigurationPlatforms) = postSolution
		{A807F8DE-AA82-4222-9639-F1ACAF365B6B}.Debug|Any CPU.ActiveCfg = Debug|Any CPU
		{A807F8DE-AA82-4222-9639-F1ACAF365B6B}.Debug|Any CPU.Build.0 = Debug|Any CPU
		{A807F8DE-AA82-4222-9639-F1ACAF365B6B}.Release|Any CPU.ActiveCfg = Release|Any CPU
		{A807F8DE-AA82-4222-9639-F1ACAF365B6B}.Release|Any CPU.Build.0 = Release|Any CPU
	EndGlobalSection
	GlobalSection(SolutionProperties) = preSolution
		HideSolutionNode = FALSE
	EndGlobalSection
	GlobalSection(ExtensibilityGlobals) = postSolution
		SolutionGuid = {431D625E-DCD8-4EB1-A026-D0D97BDBDDF5}
	EndGlobalSection
EndGlobal
