
Microsoft Visual Studio Solution File, Format Version 12.00
# Visual Studio Version 17
VisualStudioVersion = 17.11.35312.102
MinimumVisualStudioVersion = 10.0.40219.1
Project("{FAE04EC0-301F-11D3-BF4B-00C04F79EFBC}") = "Pratik-ilk-Uygulamam", "Pratik-ilk-Uygulamam\Pratik-ilk-Uygulamam.csproj", "{CDA9BAFF-CED9-4E1B-BB0C-228C910F4ACE}"
EndProject
Global
	GlobalSection(SolutionConfigurationPlatforms) = preSolution
		Debug|Any CPU = Debug|Any CPU
		Release|Any CPU = Release|Any CPU
	EndGlobalSection
	GlobalSection(ProjectConfigurationPlatforms) = postSolution
		{CDA9BAFF-CED9-4E1B-BB0C-228C910F4ACE}.Debug|Any CPU.ActiveCfg = Debug|Any CPU
		{CDA9BAFF-CED9-4E1B-BB0C-228C910F4ACE}.Debug|Any CPU.Build.0 = Debug|Any CPU
		{CDA9BAFF-CED9-4E1B-BB0C-228C910F4ACE}.Release|Any CPU.ActiveCfg = Release|Any CPU
		{CDA9BAFF-CED9-4E1B-BB0C-228C910F4ACE}.Release|Any CPU.Build.0 = Release|Any CPU
	EndGlobalSection
	GlobalSection(SolutionProperties) = preSolution
		HideSolutionNode = FALSE
	EndGlobalSection
	GlobalSection(ExtensibilityGlobals) = postSolution
		SolutionGuid = {034AD05D-A3E6-443C-8379-2EDF6CEE343F}
	EndGlobalSection
EndGlobal
