
Microsoft Visual Studio Solution File, Format Version 12.00
# Visual Studio Version 17
VisualStudioVersion = 17.12.35527.113 d17.12
MinimumVisualStudioVersion = 10.0.40219.1
Project("{FAE04EC0-301F-11D3-BF4B-00C04F79EFBC}") = "Pratik_Identity_and_Data_Protection", "Pratik_Identity_and_Data_Protection.csproj", "{5336BDBD-D6F7-40C8-BB48-55E3D446A0EE}"
EndProject
Global
	GlobalSection(SolutionConfigurationPlatforms) = preSolution
		Debug|Any CPU = Debug|Any CPU
		Release|Any CPU = Release|Any CPU
	EndGlobalSection
	GlobalSection(ProjectConfigurationPlatforms) = postSolution
		{5336BDBD-D6F7-40C8-BB48-55E3D446A0EE}.Debug|Any CPU.ActiveCfg = Debug|Any CPU
		{5336BDBD-D6F7-40C8-BB48-55E3D446A0EE}.Debug|Any CPU.Build.0 = Debug|Any CPU
		{5336BDBD-D6F7-40C8-BB48-55E3D446A0EE}.Release|Any CPU.ActiveCfg = Release|Any CPU
		{5336BDBD-D6F7-40C8-BB48-55E3D446A0EE}.Release|Any CPU.Build.0 = Release|Any CPU
	EndGlobalSection
	GlobalSection(SolutionProperties) = preSolution
		HideSolutionNode = FALSE
	EndGlobalSection
EndGlobal
