
Microsoft Visual Studio Solution File, Format Version 12.00
# Visual Studio Version 17
VisualStudioVersion = 17.11.35327.3
MinimumVisualStudioVersion = 10.0.40219.1
Project("{FAE04EC0-301F-11D3-BF4B-00C04F79EFBC}") = "Pratik-Patikaflix-Diziler-Platformu", "Pratik-Patikaflix-Diziler-Platformu.csproj", "{F4970B31-9027-4143-B7B3-3FBE096102B8}"
EndProject
Global
	GlobalSection(SolutionConfigurationPlatforms) = preSolution
		Debug|Any CPU = Debug|Any CPU
		Release|Any CPU = Release|Any CPU
	EndGlobalSection
	GlobalSection(ProjectConfigurationPlatforms) = postSolution
		{F4970B31-9027-4143-B7B3-3FBE096102B8}.Debug|Any CPU.ActiveCfg = Debug|Any CPU
		{F4970B31-9027-4143-B7B3-3FBE096102B8}.Debug|Any CPU.Build.0 = Debug|Any CPU
		{F4970B31-9027-4143-B7B3-3FBE096102B8}.Release|Any CPU.ActiveCfg = Release|Any CPU
		{F4970B31-9027-4143-B7B3-3FBE096102B8}.Release|Any CPU.Build.0 = Release|Any CPU
	EndGlobalSection
	GlobalSection(SolutionProperties) = preSolution
		HideSolutionNode = FALSE
	EndGlobalSection
	GlobalSection(ExtensibilityGlobals) = postSolution
		SolutionGuid = {B87A4D48-9FD7-42D8-8140-083603F829B6}
	EndGlobalSection
EndGlobal
