
Microsoft Visual Studio Solution File, Format Version 12.00
# Visual Studio Version 17
VisualStudioVersion = 17.11.35431.28
MinimumVisualStudioVersion = 10.0.40219.1
Project("{FAE04EC0-301F-11D3-BF4B-00C04F79EFBC}") = "Pratik_Linq_Group_Join", "Pratik_Linq_Group_Join.csproj", "{5D53782C-8CAE-4419-90C3-9FA73DA0615C}"
EndProject
Global
	GlobalSection(SolutionConfigurationPlatforms) = preSolution
		Debug|Any CPU = Debug|Any CPU
		Release|Any CPU = Release|Any CPU
	EndGlobalSection
	GlobalSection(ProjectConfigurationPlatforms) = postSolution
		{5D53782C-8CAE-4419-90C3-9FA73DA0615C}.Debug|Any CPU.ActiveCfg = Debug|Any CPU
		{5D53782C-8CAE-4419-90C3-9FA73DA0615C}.Debug|Any CPU.Build.0 = Debug|Any CPU
		{5D53782C-8CAE-4419-90C3-9FA73DA0615C}.Release|Any CPU.ActiveCfg = Release|Any CPU
		{5D53782C-8CAE-4419-90C3-9FA73DA0615C}.Release|Any CPU.Build.0 = Release|Any CPU
	EndGlobalSection
	GlobalSection(SolutionProperties) = preSolution
		HideSolutionNode = FALSE
	EndGlobalSection
	GlobalSection(ExtensibilityGlobals) = postSolution
		SolutionGuid = {A2019BA9-1BBA-48C0-AD6D-D53B40AD6CA8}
	EndGlobalSection
EndGlobal
