
Microsoft Visual Studio Solution File, Format Version 12.00
# Visual Studio Version 17
VisualStudioVersion = 17.11.35327.3
MinimumVisualStudioVersion = 10.0.40219.1
Project("{FAE04EC0-301F-11D3-BF4B-00C04F79EFBC}") = "Pratik-ilk-Sinifimizi-Olusturuyoruz", "Pratik-ilk-Sinifimizi-Olusturuyoruz.csproj", "{8AFDD061-2A6C-48AD-9A52-330D6A80E42E}"
EndProject
Global
	GlobalSection(SolutionConfigurationPlatforms) = preSolution
		Debug|Any CPU = Debug|Any CPU
		Release|Any CPU = Release|Any CPU
	EndGlobalSection
	GlobalSection(ProjectConfigurationPlatforms) = postSolution
		{8AFDD061-2A6C-48AD-9A52-330D6A80E42E}.Debug|Any CPU.ActiveCfg = Debug|Any CPU
		{8AFDD061-2A6C-48AD-9A52-330D6A80E42E}.Debug|Any CPU.Build.0 = Debug|Any CPU
		{8AFDD061-2A6C-48AD-9A52-330D6A80E42E}.Release|Any CPU.ActiveCfg = Release|Any CPU
		{8AFDD061-2A6C-48AD-9A52-330D6A80E42E}.Release|Any CPU.Build.0 = Release|Any CPU
	EndGlobalSection
	GlobalSection(SolutionProperties) = preSolution
		HideSolutionNode = FALSE
	EndGlobalSection
	GlobalSection(ExtensibilityGlobals) = postSolution
		SolutionGuid = {CC064BA0-DE1D-42B3-8138-370E219B1FFA}
	EndGlobalSection
EndGlobal
