
Microsoft Visual Studio Solution File, Format Version 12.00
# Visual Studio Version 17
VisualStudioVersion = 17.11.35327.3
MinimumVisualStudioVersion = 10.0.40219.1
Project("{FAE04EC0-301F-11D3-BF4B-00C04F79EFBC}") = "Pratik-Patikafy-Muzik-Platformu", "Pratik-Patikafy-Muzik-Platformu.csproj", "{BEFC891E-68E9-49F6-9321-4F9233559408}"
EndProject
Global
	GlobalSection(SolutionConfigurationPlatforms) = preSolution
		Debug|Any CPU = Debug|Any CPU
		Release|Any CPU = Release|Any CPU
	EndGlobalSection
	GlobalSection(ProjectConfigurationPlatforms) = postSolution
		{BEFC891E-68E9-49F6-9321-4F9233559408}.Debug|Any CPU.ActiveCfg = Debug|Any CPU
		{BEFC891E-68E9-49F6-9321-4F9233559408}.Debug|Any CPU.Build.0 = Debug|Any CPU
		{BEFC891E-68E9-49F6-9321-4F9233559408}.Release|Any CPU.ActiveCfg = Release|Any CPU
		{BEFC891E-68E9-49F6-9321-4F9233559408}.Release|Any CPU.Build.0 = Release|Any CPU
	EndGlobalSection
	GlobalSection(SolutionProperties) = preSolution
		HideSolutionNode = FALSE
	EndGlobalSection
	GlobalSection(ExtensibilityGlobals) = postSolution
		SolutionGuid = {E010EF0D-7519-496C-AAD3-8CDA57AB12C2}
	EndGlobalSection
EndGlobal
