
Microsoft Visual Studio Solution File, Format Version 12.00
# Visual Studio Version 17
VisualStudioVersion = 17.11.35327.3
MinimumVisualStudioVersion = 10.0.40219.1
Project("{FAE04EC0-301F-11D3-BF4B-00C04F79EFBC}") = "Pratik-Abstraction", "Pratik-Abstraction.csproj", "{502AC4EA-0A51-4AD6-8CB9-0867B05C00AB}"
EndProject
Global
	GlobalSection(SolutionConfigurationPlatforms) = preSolution
		Debug|Any CPU = Debug|Any CPU
		Release|Any CPU = Release|Any CPU
	EndGlobalSection
	GlobalSection(ProjectConfigurationPlatforms) = postSolution
		{502AC4EA-0A51-4AD6-8CB9-0867B05C00AB}.Debug|Any CPU.ActiveCfg = Debug|Any CPU
		{502AC4EA-0A51-4AD6-8CB9-0867B05C00AB}.Debug|Any CPU.Build.0 = Debug|Any CPU
		{502AC4EA-0A51-4AD6-8CB9-0867B05C00AB}.Release|Any CPU.ActiveCfg = Release|Any CPU
		{502AC4EA-0A51-4AD6-8CB9-0867B05C00AB}.Release|Any CPU.Build.0 = Release|Any CPU
	EndGlobalSection
	GlobalSection(SolutionProperties) = preSolution
		HideSolutionNode = FALSE
	EndGlobalSection
	GlobalSection(ExtensibilityGlobals) = postSolution
		SolutionGuid = {5DFBA168-4FAE-44A6-B409-F39770D170F9}
	EndGlobalSection
EndGlobal
