
Microsoft Visual Studio Solution File, Format Version 12.00
# Visual Studio Version 17
VisualStudioVersion = 17.11.35312.102
MinimumVisualStudioVersion = 10.0.40219.1
Project("{FAE04EC0-301F-11D3-BF4B-00C04F79EFBC}") = "Pratik-if-Else-ve-Switch-Case", "Pratik-if-Else-ve-Switch-Case.csproj", "{97B69EC9-9DFB-456A-B7F2-D88A245633E8}"
EndProject
Global
	GlobalSection(SolutionConfigurationPlatforms) = preSolution
		Debug|Any CPU = Debug|Any CPU
		Release|Any CPU = Release|Any CPU
	EndGlobalSection
	GlobalSection(ProjectConfigurationPlatforms) = postSolution
		{97B69EC9-9DFB-456A-B7F2-D88A245633E8}.Debug|Any CPU.ActiveCfg = Debug|Any CPU
		{97B69EC9-9DFB-456A-B7F2-D88A245633E8}.Debug|Any CPU.Build.0 = Debug|Any CPU
		{97B69EC9-9DFB-456A-B7F2-D88A245633E8}.Release|Any CPU.ActiveCfg = Release|Any CPU
		{97B69EC9-9DFB-456A-B7F2-D88A245633E8}.Release|Any CPU.Build.0 = Release|Any CPU
	EndGlobalSection
	GlobalSection(SolutionProperties) = preSolution
		HideSolutionNode = FALSE
	EndGlobalSection
	GlobalSection(ExtensibilityGlobals) = postSolution
		SolutionGuid = {3867F693-AF65-4393-975B-9F95D70C1BD9}
	EndGlobalSection
EndGlobal
